{
    "_readme": [
        "This file locks the dependencies of your project to a known state",
        "Read more about it at https://getcomposer.org/doc/01-basic-usage.md#installing-dependencies",
        "This file is @generated automatically"
    ],
    "content-hash": "1c5aaa9fe78bce3bc1c35875d3f3a499",
    "packages": [
        {
            "name": "doctrine/cache",
            "version": "2.2.0",
            "source": {
                "type": "git",
                "url": "https://github.com/doctrine/cache.git",
                "reference": "1ca8f21980e770095a31456042471a57bc4c68fb"
            },
            "dist": {
                "type": "zip",
                "url": "https://api.github.com/repos/doctrine/cache/zipball/1ca8f21980e770095a31456042471a57bc4c68fb",
                "reference": "1ca8f21980e770095a31456042471a57bc4c68fb",
                "shasum": ""
            },
            "require": {
                "php": "~7.1 || ^8.0"
            },
            "conflict": {
                "doctrine/common": ">2.2,<2.4"
            },
            "require-dev": {
                "cache/integration-tests": "dev-master",
                "doctrine/coding-standard": "^9",
                "phpunit/phpunit": "^7.5 || ^8.5 || ^9.5",
                "psr/cache": "^1.0 || ^2.0 || ^3.0",
                "symfony/cache": "^4.4 || ^5.4 || ^6",
                "symfony/var-exporter": "^4.4 || ^5.4 || ^6"
            },
            "type": "library",
            "autoload": {
                "psr-4": {
                    "Doctrine\\Common\\Cache\\": "lib/Doctrine/Common/Cache"
                }
            },
            "notification-url": "https://packagist.org/downloads/",
            "license": [
                "MIT"
            ],
            "authors": [
                {
                    "name": "Guilherme Blanco",
                    "email": "guilhermeblanco@gmail.com"
                },
                {
                    "name": "Roman Borschel",
                    "email": "roman@code-factory.org"
                },
                {
                    "name": "Benjamin Eberlei",
                    "email": "kontakt@beberlei.de"
                },
                {
                    "name": "Jonathan Wage",
                    "email": "jonwage@gmail.com"
                },
                {
                    "name": "Johannes Schmitt",
                    "email": "schmittjoh@gmail.com"
                }
            ],
            "description": "PHP Doctrine Cache library is a popular cache implementation that supports many different drivers such as redis, memcache, apc, mongodb and others.",
            "homepage": "https://www.doctrine-project.org/projects/cache.html",
            "keywords": [
                "abstraction",
                "apcu",
                "cache",
                "caching",
                "couchdb",
                "memcached",
                "php",
                "redis",
                "xcache"
            ],
            "support": {
                "issues": "https://github.com/doctrine/cache/issues",
                "source": "https://github.com/doctrine/cache/tree/2.2.0"
            },
            "funding": [
                {
                    "url": "https://www.doctrine-project.org/sponsorship.html",
                    "type": "custom"
                },
                {
                    "url": "https://www.patreon.com/phpdoctrine",
                    "type": "patreon"
                },
                {
                    "url": "https://tidelift.com/funding/github/packagist/doctrine%2Fcache",
                    "type": "tidelift"
                }
            ],
            "time": "2022-05-20T20:07:39+00:00"
        },
        {
            "name": "doctrine/dbal",
            "version": "2.13.9",
            "source": {
                "type": "git",
                "url": "https://github.com/doctrine/dbal.git",
                "reference": "c480849ca3ad6706a39c970cdfe6888fa8a058b8"
            },
            "dist": {
                "type": "zip",
                "url": "https://api.github.com/repos/doctrine/dbal/zipball/c480849ca3ad6706a39c970cdfe6888fa8a058b8",
                "reference": "c480849ca3ad6706a39c970cdfe6888fa8a058b8",
                "shasum": ""
            },
            "require": {
                "doctrine/cache": "^1.0|^2.0",
                "doctrine/deprecations": "^0.5.3|^1",
                "doctrine/event-manager": "^1.0",
                "ext-pdo": "*",
                "php": "^7.1 || ^8"
            },
            "require-dev": {
                "doctrine/coding-standard": "9.0.0",
                "jetbrains/phpstorm-stubs": "2021.1",
                "phpstan/phpstan": "1.4.6",
                "phpunit/phpunit": "^7.5.20|^8.5|9.5.16",
                "psalm/plugin-phpunit": "0.16.1",
                "squizlabs/php_codesniffer": "3.6.2",
                "symfony/cache": "^4.4",
                "symfony/console": "^2.0.5|^3.0|^4.0|^5.0",
                "vimeo/psalm": "4.22.0"
            },
            "suggest": {
                "symfony/console": "For helpful console commands such as SQL execution and import of files."
            },
            "bin": [
                "bin/doctrine-dbal"
            ],
            "type": "library",
            "autoload": {
                "psr-4": {
                    "Doctrine\\DBAL\\": "lib/Doctrine/DBAL"
                }
            },
            "notification-url": "https://packagist.org/downloads/",
            "license": [
                "MIT"
            ],
            "authors": [
                {
                    "name": "Guilherme Blanco",
                    "email": "guilhermeblanco@gmail.com"
                },
                {
                    "name": "Roman Borschel",
                    "email": "roman@code-factory.org"
                },
                {
                    "name": "Benjamin Eberlei",
                    "email": "kontakt@beberlei.de"
                },
                {
                    "name": "Jonathan Wage",
                    "email": "jonwage@gmail.com"
                }
            ],
            "description": "Powerful PHP database abstraction layer (DBAL) with many features for database schema introspection and management.",
            "homepage": "https://www.doctrine-project.org/projects/dbal.html",
            "keywords": [
                "abstraction",
                "database",
                "db2",
                "dbal",
                "mariadb",
                "mssql",
                "mysql",
                "oci8",
                "oracle",
                "pdo",
                "pgsql",
                "postgresql",
                "queryobject",
                "sasql",
                "sql",
                "sqlanywhere",
                "sqlite",
                "sqlserver",
                "sqlsrv"
            ],
            "support": {
                "issues": "https://github.com/doctrine/dbal/issues",
                "source": "https://github.com/doctrine/dbal/tree/2.13.9"
            },
            "funding": [
                {
                    "url": "https://www.doctrine-project.org/sponsorship.html",
                    "type": "custom"
                },
                {
                    "url": "https://www.patreon.com/phpdoctrine",
                    "type": "patreon"
                },
                {
                    "url": "https://tidelift.com/funding/github/packagist/doctrine%2Fdbal",
                    "type": "tidelift"
                }
            ],
            "time": "2022-05-02T20:28:55+00:00"
        },
        {
            "name": "doctrine/deprecations",
            "version": "v1.0.0",
            "source": {
                "type": "git",
                "url": "https://github.com/doctrine/deprecations.git",
                "reference": "0e2a4f1f8cdfc7a92ec3b01c9334898c806b30de"
            },
            "dist": {
                "type": "zip",
                "url": "https://api.github.com/repos/doctrine/deprecations/zipball/0e2a4f1f8cdfc7a92ec3b01c9334898c806b30de",
                "reference": "0e2a4f1f8cdfc7a92ec3b01c9334898c806b30de",
                "shasum": ""
            },
            "require": {
                "php": "^7.1|^8.0"
            },
            "require-dev": {
                "doctrine/coding-standard": "^9",
                "phpunit/phpunit": "^7.5|^8.5|^9.5",
                "psr/log": "^1|^2|^3"
            },
            "suggest": {
                "psr/log": "Allows logging deprecations via PSR-3 logger implementation"
            },
            "type": "library",
            "autoload": {
                "psr-4": {
                    "Doctrine\\Deprecations\\": "lib/Doctrine/Deprecations"
                }
            },
            "notification-url": "https://packagist.org/downloads/",
            "license": [
                "MIT"
            ],
            "description": "A small layer on top of trigger_error(E_USER_DEPRECATED) or PSR-3 logging with options to disable all deprecations or selectively for packages.",
            "homepage": "https://www.doctrine-project.org/",
            "support": {
                "issues": "https://github.com/doctrine/deprecations/issues",
                "source": "https://github.com/doctrine/deprecations/tree/v1.0.0"
            },
            "time": "2022-05-02T15:47:09+00:00"
        },
        {
            "name": "doctrine/event-manager",
            "version": "1.2.0",
            "source": {
                "type": "git",
                "url": "https://github.com/doctrine/event-manager.git",
                "reference": "95aa4cb529f1e96576f3fda9f5705ada4056a520"
            },
            "dist": {
                "type": "zip",
                "url": "https://api.github.com/repos/doctrine/event-manager/zipball/95aa4cb529f1e96576f3fda9f5705ada4056a520",
                "reference": "95aa4cb529f1e96576f3fda9f5705ada4056a520",
                "shasum": ""
            },
            "require": {
                "doctrine/deprecations": "^0.5.3 || ^1",
                "php": "^7.1 || ^8.0"
            },
            "conflict": {
                "doctrine/common": "<2.9"
            },
            "require-dev": {
                "doctrine/coding-standard": "^9 || ^10",
                "phpstan/phpstan": "~1.4.10 || ^1.8.8",
                "phpunit/phpunit": "^7.5 || ^8.5 || ^9.5",
                "vimeo/psalm": "^4.24"
            },
            "type": "library",
            "autoload": {
                "psr-4": {
                    "Doctrine\\Common\\": "src"
                }
            },
            "notification-url": "https://packagist.org/downloads/",
            "license": [
                "MIT"
            ],
            "authors": [
                {
                    "name": "Guilherme Blanco",
                    "email": "guilhermeblanco@gmail.com"
                },
                {
                    "name": "Roman Borschel",
                    "email": "roman@code-factory.org"
                },
                {
                    "name": "Benjamin Eberlei",
                    "email": "kontakt@beberlei.de"
                },
                {
                    "name": "Jonathan Wage",
                    "email": "jonwage@gmail.com"
                },
                {
                    "name": "Johannes Schmitt",
                    "email": "schmittjoh@gmail.com"
                },
                {
                    "name": "Marco Pivetta",
                    "email": "ocramius@gmail.com"
                }
            ],
            "description": "The Doctrine Event Manager is a simple PHP event system that was built to be used with the various Doctrine projects.",
            "homepage": "https://www.doctrine-project.org/projects/event-manager.html",
            "keywords": [
                "event",
                "event dispatcher",
                "event manager",
                "event system",
                "events"
            ],
            "support": {
                "issues": "https://github.com/doctrine/event-manager/issues",
                "source": "https://github.com/doctrine/event-manager/tree/1.2.0"
            },
            "funding": [
                {
                    "url": "https://www.doctrine-project.org/sponsorship.html",
                    "type": "custom"
                },
                {
                    "url": "https://www.patreon.com/phpdoctrine",
                    "type": "patreon"
                },
                {
                    "url": "https://tidelift.com/funding/github/packagist/doctrine%2Fevent-manager",
                    "type": "tidelift"
                }
            ],
            "time": "2022-10-12T20:51:15+00:00"
        },
        {
            "name": "felixfbecker/advanced-json-rpc",
            "version": "v3.2.1",
            "source": {
                "type": "git",
                "url": "https://github.com/felixfbecker/php-advanced-json-rpc.git",
                "reference": "b5f37dbff9a8ad360ca341f3240dc1c168b45447"
            },
            "dist": {
                "type": "zip",
                "url": "https://api.github.com/repos/felixfbecker/php-advanced-json-rpc/zipball/b5f37dbff9a8ad360ca341f3240dc1c168b45447",
                "reference": "b5f37dbff9a8ad360ca341f3240dc1c168b45447",
                "shasum": ""
            },
            "require": {
                "netresearch/jsonmapper": "^1.0 || ^2.0 || ^3.0 || ^4.0",
                "php": "^7.1 || ^8.0",
                "phpdocumentor/reflection-docblock": "^4.3.4 || ^5.0.0"
            },
            "require-dev": {
                "phpunit/phpunit": "^7.0 || ^8.0"
            },
            "type": "library",
            "autoload": {
                "psr-4": {
                    "AdvancedJsonRpc\\": "lib/"
                }
            },
            "notification-url": "https://packagist.org/downloads/",
            "license": [
                "ISC"
            ],
            "authors": [
                {
                    "name": "Felix Becker",
                    "email": "felix.b@outlook.com"
                }
            ],
            "description": "A more advanced JSONRPC implementation",
            "support": {
                "issues": "https://github.com/felixfbecker/php-advanced-json-rpc/issues",
                "source": "https://github.com/felixfbecker/php-advanced-json-rpc/tree/v3.2.1"
            },
            "time": "2021-06-11T22:34:44+00:00"
        },
        {
            "name": "netresearch/jsonmapper",
            "version": "v4.1.0",
            "source": {
                "type": "git",
                "url": "https://github.com/cweiske/jsonmapper.git",
                "reference": "cfa81ea1d35294d64adb9c68aa4cb9e92400e53f"
            },
            "dist": {
                "type": "zip",
                "url": "https://api.github.com/repos/cweiske/jsonmapper/zipball/cfa81ea1d35294d64adb9c68aa4cb9e92400e53f",
                "reference": "cfa81ea1d35294d64adb9c68aa4cb9e92400e53f",
                "shasum": ""
            },
            "require": {
                "ext-json": "*",
                "ext-pcre": "*",
                "ext-reflection": "*",
                "ext-spl": "*",
                "php": ">=7.1"
            },
            "require-dev": {
                "phpunit/phpunit": "~7.5 || ~8.0 || ~9.0",
                "squizlabs/php_codesniffer": "~3.5"
            },
            "type": "library",
            "autoload": {
                "psr-0": {
                    "JsonMapper": "src/"
                }
            },
            "notification-url": "https://packagist.org/downloads/",
            "license": [
                "OSL-3.0"
            ],
            "authors": [
                {
                    "name": "Christian Weiske",
                    "email": "cweiske@cweiske.de",
                    "homepage": "http://github.com/cweiske/jsonmapper/",
                    "role": "Developer"
                }
            ],
            "description": "Map nested JSON structures onto PHP classes",
            "support": {
                "email": "cweiske@cweiske.de",
                "issues": "https://github.com/cweiske/jsonmapper/issues",
                "source": "https://github.com/cweiske/jsonmapper/tree/v4.1.0"
            },
            "time": "2022-12-08T20:46:14+00:00"
        },
        {
            "name": "phpdocumentor/reflection-common",
            "version": "2.2.0",
            "source": {
                "type": "git",
                "url": "https://github.com/phpDocumentor/ReflectionCommon.git",
                "reference": "1d01c49d4ed62f25aa84a747ad35d5a16924662b"
            },
            "dist": {
                "type": "zip",
                "url": "https://api.github.com/repos/phpDocumentor/ReflectionCommon/zipball/1d01c49d4ed62f25aa84a747ad35d5a16924662b",
                "reference": "1d01c49d4ed62f25aa84a747ad35d5a16924662b",
                "shasum": ""
            },
            "require": {
                "php": "^7.2 || ^8.0"
            },
            "type": "library",
            "extra": {
                "branch-alias": {
                    "dev-2.x": "2.x-dev"
                }
            },
            "autoload": {
                "psr-4": {
                    "phpDocumentor\\Reflection\\": "src/"
                }
            },
            "notification-url": "https://packagist.org/downloads/",
            "license": [
                "MIT"
            ],
            "authors": [
                {
                    "name": "Jaap van Otterdijk",
                    "email": "opensource@ijaap.nl"
                }
            ],
            "description": "Common reflection classes used by phpdocumentor to reflect the code structure",
            "homepage": "http://www.phpdoc.org",
            "keywords": [
                "FQSEN",
                "phpDocumentor",
                "phpdoc",
                "reflection",
                "static analysis"
            ],
            "support": {
                "issues": "https://github.com/phpDocumentor/ReflectionCommon/issues",
                "source": "https://github.com/phpDocumentor/ReflectionCommon/tree/2.x"
            },
            "time": "2020-06-27T09:03:43+00:00"
        },
        {
            "name": "phpdocumentor/reflection-docblock",
            "version": "5.3.0",
            "source": {
                "type": "git",
                "url": "https://github.com/phpDocumentor/ReflectionDocBlock.git",
                "reference": "622548b623e81ca6d78b721c5e029f4ce664f170"
            },
            "dist": {
                "type": "zip",
                "url": "https://api.github.com/repos/phpDocumentor/ReflectionDocBlock/zipball/622548b623e81ca6d78b721c5e029f4ce664f170",
                "reference": "622548b623e81ca6d78b721c5e029f4ce664f170",
                "shasum": ""
            },
            "require": {
                "ext-filter": "*",
                "php": "^7.2 || ^8.0",
                "phpdocumentor/reflection-common": "^2.2",
                "phpdocumentor/type-resolver": "^1.3",
                "webmozart/assert": "^1.9.1"
            },
            "require-dev": {
                "mockery/mockery": "~1.3.2",
                "psalm/phar": "^4.8"
            },
            "type": "library",
            "extra": {
                "branch-alias": {
                    "dev-master": "5.x-dev"
                }
            },
            "autoload": {
                "psr-4": {
                    "phpDocumentor\\Reflection\\": "src"
                }
            },
            "notification-url": "https://packagist.org/downloads/",
            "license": [
                "MIT"
            ],
            "authors": [
                {
                    "name": "Mike van Riel",
                    "email": "me@mikevanriel.com"
                },
                {
                    "name": "Jaap van Otterdijk",
                    "email": "account@ijaap.nl"
                }
            ],
            "description": "With this component, a library can provide support for annotations via DocBlocks or otherwise retrieve information that is embedded in a DocBlock.",
            "support": {
                "issues": "https://github.com/phpDocumentor/ReflectionDocBlock/issues",
                "source": "https://github.com/phpDocumentor/ReflectionDocBlock/tree/5.3.0"
            },
            "time": "2021-10-19T17:43:47+00:00"
        },
        {
            "name": "phpdocumentor/type-resolver",
            "version": "1.6.2",
            "source": {
                "type": "git",
                "url": "https://github.com/phpDocumentor/TypeResolver.git",
                "reference": "48f445a408c131e38cab1c235aa6d2bb7a0bb20d"
            },
            "dist": {
                "type": "zip",
                "url": "https://api.github.com/repos/phpDocumentor/TypeResolver/zipball/48f445a408c131e38cab1c235aa6d2bb7a0bb20d",
                "reference": "48f445a408c131e38cab1c235aa6d2bb7a0bb20d",
                "shasum": ""
            },
            "require": {
                "php": "^7.4 || ^8.0",
                "phpdocumentor/reflection-common": "^2.0"
            },
            "require-dev": {
                "ext-tokenizer": "*",
                "phpstan/extension-installer": "^1.1",
                "phpstan/phpstan": "^1.8",
                "phpstan/phpstan-phpunit": "^1.1",
                "phpunit/phpunit": "^9.5",
                "rector/rector": "^0.13.9",
                "vimeo/psalm": "^4.25"
            },
            "type": "library",
            "extra": {
                "branch-alias": {
                    "dev-1.x": "1.x-dev"
                }
            },
            "autoload": {
                "psr-4": {
                    "phpDocumentor\\Reflection\\": "src"
                }
            },
            "notification-url": "https://packagist.org/downloads/",
            "license": [
                "MIT"
            ],
            "authors": [
                {
                    "name": "Mike van Riel",
                    "email": "me@mikevanriel.com"
                }
            ],
            "description": "A PSR-5 based resolver of Class names, Types and Structural Element Names",
            "support": {
                "issues": "https://github.com/phpDocumentor/TypeResolver/issues",
                "source": "https://github.com/phpDocumentor/TypeResolver/tree/1.6.2"
            },
            "time": "2022-10-14T12:47:21+00:00"
        },
        {
            "name": "plasticbrain/php-flash-messages",
            "version": "v1.0.1",
            "source": {
                "type": "git",
                "url": "https://github.com/plasticbrain/PhpFlashMessages.git",
                "reference": "b565762619342057ce561de20d0f2f6e14f9aa77"
            },
            "dist": {
                "type": "zip",
                "url": "https://api.github.com/repos/plasticbrain/PhpFlashMessages/zipball/b565762619342057ce561de20d0f2f6e14f9aa77",
                "reference": "b565762619342057ce561de20d0f2f6e14f9aa77",
                "shasum": ""
            },
            "require": {
                "php": ">=5.4.0"
            },
            "type": "library",
            "autoload": {
                "psr-4": {
                    "Plasticbrain\\FlashMessages\\": "src/"
                }
            },
            "notification-url": "https://packagist.org/downloads/",
            "license": [
                "MIT"
            ],
            "authors": [
                {
                    "name": "Mike Everhart",
                    "email": "mike@plasticbrain.net"
                }
            ],
            "description": "A modern take on PHP session-based flash messages",
            "keywords": [
                "bootstrap",
                "flash",
                "messages",
                "session"
            ],
            "support": {
                "issues": "https://github.com/plasticbrain/PhpFlashMessages/issues",
                "source": "https://github.com/plasticbrain/PhpFlashMessages/tree/master"
            },
            "time": "2016-04-01T08:39:38+00:00"
        },
        {
            "name": "sabre/event",
            "version": "2.0.2",
            "source": {
                "type": "git",
                "url": "https://github.com/sabre-io/event.git",
                "reference": "337b6f5e10ea6e0b21e22c7e5788dd3883ae73ff"
            },
            "dist": {
                "type": "zip",
                "url": "https://api.github.com/repos/sabre-io/event/zipball/337b6f5e10ea6e0b21e22c7e5788dd3883ae73ff",
                "reference": "337b6f5e10ea6e0b21e22c7e5788dd3883ae73ff",
                "shasum": ""
            },
            "require": {
                "php": ">=5.4.1"
            },
            "require-dev": {
                "phpunit/phpunit": "*",
                "sabre/cs": "~0.0.1"
            },
            "type": "library",
            "autoload": {
                "psr-4": {
                    "Sabre\\Event\\": "lib/"
                }
            },
            "notification-url": "https://packagist.org/downloads/",
            "license": [
                "BSD-3-Clause"
            ],
            "authors": [
                {
                    "name": "Evert Pot",
                    "email": "me@evertpot.com",
                    "homepage": "http://evertpot.com/",
                    "role": "Developer"
                }
            ],
            "description": "sabre/event is a library for lightweight event-based programming",
            "homepage": "http://sabre.io/event/",
            "keywords": [
                "EventEmitter",
                "events",
                "hooks",
                "plugin",
                "promise",
                "signal"
            ],
            "support": {
                "forum": "https://groups.google.com/group/sabredav-discuss",
                "issues": "https://github.com/sabre-io/event/issues",
                "source": "https://github.com/fruux/sabre-event"
            },
            "time": "2015-05-19T10:24:22+00:00"
        },
        {
            "name": "vlucas/spot2",
            "version": "v2.2.1",
            "source": {
                "type": "git",
                "url": "https://github.com/spotorm/spot2.git",
                "reference": "e4ada9591a2900fbb8dd9c81862772f9b3d998a3"
            },
            "dist": {
                "type": "zip",
                "url": "https://api.github.com/repos/spotorm/spot2/zipball/e4ada9591a2900fbb8dd9c81862772f9b3d998a3",
                "reference": "e4ada9591a2900fbb8dd9c81862772f9b3d998a3",
                "shasum": ""
            },
            "require": {
                "doctrine/dbal": "^2.5.4",
                "php": ">=5.4.0",
                "sabre/event": "~2.0",
                "vlucas/valitron": "~1.1"
            },
            "require-dev": {
                "phpunit/phpunit": "^4.8"
            },
            "type": "library",
            "autoload": {
                "psr-4": {
                    "Spot\\": "lib/",
                    "SpotTest\\": "tests/"
                }
            },
            "notification-url": "https://packagist.org/downloads/",
            "license": [
                "BSD"
            ],
            "authors": [
                {
                    "name": "Vance Lucas",
                    "email": "vance@vancelucas.com",
                    "homepage": "http://www.vancelucas.com"
                }
            ],
            "description": "Simple DataMapper built on top of Doctrine DBAL",
            "homepage": "https://github.com/vlucas/spot2",
            "keywords": [
                "database",
                "datamapper",
                "dbal",
                "doctrine",
                "entity",
                "mapper",
                "model",
                "orm"
            ],
            "support": {
                "issues": "https://github.com/spotorm/spot2/issues",
                "source": "https://github.com/spotorm/spot2/tree/master"
            },
            "time": "2018-10-09T10:05:13+00:00"
        },
        {
            "name": "vlucas/valitron",
            "version": "v1.4.11",
            "source": {
                "type": "git",
                "url": "https://github.com/vlucas/valitron.git",
                "reference": "fadce39f5f235755bb9794b2573af2d5bfcba85f"
            },
            "dist": {
                "type": "zip",
                "url": "https://api.github.com/repos/vlucas/valitron/zipball/fadce39f5f235755bb9794b2573af2d5bfcba85f",
                "reference": "fadce39f5f235755bb9794b2573af2d5bfcba85f",
                "shasum": ""
            },
            "require": {
                "php": ">=5.3.2"
            },
            "require-dev": {
                "phpunit/phpunit": ">=4.8.35"
            },
            "suggest": {
                "ext-mbstring": "It can support the multiple bytes string length."
            },
            "type": "library",
            "autoload": {
                "psr-4": {
                    "Valitron\\": "src/Valitron"
                }
            },
            "notification-url": "https://packagist.org/downloads/",
            "license": [
                "BSD-3-Clause"
            ],
            "authors": [
                {
                    "name": "Vance Lucas",
                    "email": "vance@vancelucas.com",
                    "homepage": "https://www.vancelucas.com"
                }
            ],
            "description": "Simple, elegant, stand-alone validation library with NO dependencies",
            "homepage": "https://github.com/vlucas/valitron",
            "keywords": [
                "valid",
                "validation",
                "validator"
            ],
            "support": {
                "issues": "https://github.com/vlucas/valitron/issues",
                "source": "https://github.com/vlucas/valitron/tree/v1.4.11"
            },
            "funding": [
                {
                    "url": "https://tidelift.com/funding/github/packagist/vlucas/valitron",
                    "type": "tidelift"
                }
            ],
            "time": "2022-10-14T11:54:24+00:00"
        },
        {
            "name": "webmozart/assert",
            "version": "1.11.0",
            "source": {
                "type": "git",
                "url": "https://github.com/webmozarts/assert.git",
                "reference": "11cb2199493b2f8a3b53e7f19068fc6aac760991"
            },
            "dist": {
                "type": "zip",
                "url": "https://api.github.com/repos/webmozarts/assert/zipball/11cb2199493b2f8a3b53e7f19068fc6aac760991",
                "reference": "11cb2199493b2f8a3b53e7f19068fc6aac760991",
                "shasum": ""
            },
            "require": {
                "ext-ctype": "*",
                "php": "^7.2 || ^8.0"
            },
            "conflict": {
                "phpstan/phpstan": "<0.12.20",
                "vimeo/psalm": "<4.6.1 || 4.6.2"
            },
            "require-dev": {
                "phpunit/phpunit": "^8.5.13"
            },
            "type": "library",
            "extra": {
                "branch-alias": {
                    "dev-master": "1.10-dev"
                }
            },
            "autoload": {
                "psr-4": {
                    "Webmozart\\Assert\\": "src/"
                }
            },
            "notification-url": "https://packagist.org/downloads/",
            "license": [
                "MIT"
            ],
            "authors": [
                {
                    "name": "Bernhard Schussek",
                    "email": "bschussek@gmail.com"
                }
            ],
            "description": "Assertions to validate method input/output with nice error messages.",
            "keywords": [
                "assert",
                "check",
                "validate"
            ],
            "support": {
                "issues": "https://github.com/webmozarts/assert/issues",
                "source": "https://github.com/webmozarts/assert/tree/1.11.0"
            },
            "time": "2022-06-03T18:03:27+00:00"
        }
    ],
    "packages-dev": [],
    "aliases": [],
    "minimum-stability": "stable",
    "stability-flags": [],
    "prefer-stable": false,
    "prefer-lowest": false,
    "platform": [],
    "platform-dev": [],
    "plugin-api-version": "2.3.0"
}
